// !$*UTF8*$!
{
	archiveVersion = 1;
	classes = {
	};
	objectVersion = 48;
	objects = {

/* Begin PBXBuildFile section */
		0CE707A7206CBD8E002C4E08 /* AppDelegate.swift in Sources */ = {isa = PBXBuildFile; fileRef = 0CE707A6206CBD8E002C4E08 /* AppDelegate.swift */; };
		0CE707AE206CBD8E002C4E08 /* Assets.xcassets in Resources */ = {isa = PBXBuildFile; fileRef = 0CE707AD206CBD8E002C4E08 /* Assets.xcassets */; };
		0CE707B1206CBD8E002C4E08 /* LaunchScreen.storyboard in Resources */ = {isa = PBXBuildFile; fileRef = 0CE707AF206CBD8E002C4E08 /* LaunchScreen.storyboard */; };
		0CE707B9206CD628002C4E08 /* Const.swift in Sources */ = {isa = PBXBuildFile; fileRef = 0CE707B8206CD628002C4E08 /* Const.swift */; };
		0CE707E4206D4E93002C4E08 /* DXConversationController.swift in Sources */ = {isa = PBXBuildFile; fileRef = 0CE707E3206D4E93002C4E08 /* DXConversationController.swift */; };
		0CE707E7206D4EB1002C4E08 /* DXContactController.swift in Sources */ = {isa = PBXBuildFile; fileRef = 0CE707E6206D4EB1002C4E08 /* DXContactController.swift */; };
		0CE707EC206D4EC5002C4E08 /* DXDiscoverController.swift in Sources */ = {isa = PBXBuildFile; fileRef = 0CE707E9206D4EC5002C4E08 /* DXDiscoverController.swift */; };
		0CE707ED206D4EC5002C4E08 /* DXMyController.swift in Sources */ = {isa = PBXBuildFile; fileRef = 0CE707EB206D4EC5002C4E08 /* DXMyController.swift */; };
		0CE707F0206D4F04002C4E08 /* Localizable.strings in Resources */ = {isa = PBXBuildFile; fileRef = 0CE707F2206D4F04002C4E08 /* Localizable.strings */; };
		0CE707F7206D4F9F002C4E08 /* DXRootTabBarController.swift in Sources */ = {isa = PBXBuildFile; fileRef = 0CE707F6206D4F9F002C4E08 /* DXRootTabBarController.swift */; };
		0CE707FB206D515F002C4E08 /* DXLoginController.swift in Sources */ = {isa = PBXBuildFile; fileRef = 0CE707FA206D515F002C4E08 /* DXLoginController.swift */; };
		3F9236EB0BD3B9815CA20EAC /* Pods_DooDXinSwift.framework in Frameworks */ = {isa = PBXBuildFile; fileRef = 7F7D117550EC88E8EA9EACBA /* Pods_DooDXinSwift.framework */; };
/* End PBXBuildFile section */

/* Begin PBXFileReference section */
		0CE707A3206CBD8E002C4E08 /* DooDXinSwift.app */ = {isa = PBXFileReference; explicitFileType = wrapper.application; includeInIndex = 0; path = DooDXinSwift.app; sourceTree = BUILT_PRODUCTS_DIR; };
		0CE707A6206CBD8E002C4E08 /* AppDelegate.swift */ = {isa = PBXFileReference; lastKnownFileType = sourcecode.swift; path = AppDelegate.swift; sourceTree = "<group>"; };
		0CE707AD206CBD8E002C4E08 /* Assets.xcassets */ = {isa = PBXFileReference; lastKnownFileType = folder.assetcatalog; path = Assets.xcassets; sourceTree = "<group>"; };
		0CE707B0206CBD8E002C4E08 /* Base */ = {isa = PBXFileReference; lastKnownFileType = file.storyboard; name = Base; path = Base.lproj/LaunchScreen.storyboard; sourceTree = "<group>"; };
		0CE707B2206CBD8F002C4E08 /* Info.plist */ = {isa = PBXFileReference; lastKnownFileType = text.plist.xml; path = Info.plist; sourceTree = "<group>"; };
		0CE707B8206CD628002C4E08 /* Const.swift */ = {isa = PBXFileReference; lastKnownFileType = sourcecode.swift; path = Const.swift; sourceTree = "<group>"; };
		0CE707E3206D4E93002C4E08 /* DXConversationController.swift */ = {isa = PBXFileReference; fileEncoding = 4; lastKnownFileType = sourcecode.swift; path = DXConversationController.swift; sourceTree = "<group>"; };
		0CE707E6206D4EB1002C4E08 /* DXContactController.swift */ = {isa = PBXFileReference; fileEncoding = 4; lastKnownFileType = sourcecode.swift; path = DXContactController.swift; sourceTree = "<group>"; };
		0CE707E9206D4EC5002C4E08 /* DXDiscoverController.swift */ = {isa = PBXFileReference; fileEncoding = 4; lastKnownFileType = sourcecode.swift; path = DXDiscoverController.swift; sourceTree = "<group>"; };
		0CE707EB206D4EC5002C4E08 /* DXMyController.swift */ = {isa = PBXFileReference; fileEncoding = 4; lastKnownFileType = sourcecode.swift; path = DXMyController.swift; sourceTree = "<group>"; };
		0CE707F1206D4F04002C4E08 /* en */ = {isa = PBXFileReference; lastKnownFileType = text.plist.strings; name = en; path = en.lproj/Localizable.strings; sourceTree = "<group>"; };
		0CE707F4206D4F3C002C4E08 /* Base */ = {isa = PBXFileReference; lastKnownFileType = text.plist.strings; name = Base; path = Base.lproj/Localizable.strings; sourceTree = "<group>"; };
		0CE707F6206D4F9F002C4E08 /* DXRootTabBarController.swift */ = {isa = PBXFileReference; fileEncoding = 4; lastKnownFileType = sourcecode.swift; path = DXRootTabBarController.swift; sourceTree = "<group>"; };
		0CE707FA206D515F002C4E08 /* DXLoginController.swift */ = {isa = PBXFileReference; lastKnownFileType = sourcecode.swift; path = DXLoginController.swift; sourceTree = "<group>"; };
		772EFAB3E6454F84E34E9BF5 /* Pods-DooDXinSwift.release.xcconfig */ = {isa = PBXFileReference; includeInIndex = 1; lastKnownFileType = text.xcconfig; name = "Pods-DooDXinSwift.release.xcconfig"; path = "Pods/Target Support Files/Pods-DooDXinSwift/Pods-DooDXinSwift.release.xcconfig"; sourceTree = "<group>"; };
		7F7D117550EC88E8EA9EACBA /* Pods_DooDXinSwift.framework */ = {isa = PBXFileReference; explicitFileType = wrapper.framework; includeInIndex = 0; path = Pods_DooDXinSwift.framework; sourceTree = BUILT_PRODUCTS_DIR; };
		8B06FF24E843BDE66221E94E /* Pods-DooDXinSwift.debug.xcconfig */ = {isa = PBXFileReference; includeInIndex = 1; lastKnownFileType = text.xcconfig; name = "Pods-DooDXinSwift.debug.xcconfig"; path = "Pods/Target Support Files/Pods-DooDXinSwift/Pods-DooDXinSwift.debug.xcconfig"; sourceTree = "<group>"; };
/* End PBXFileReference section */

/* Begin PBXFrameworksBuildPhase section */
		0CE707A0206CBD8E002C4E08 /* Frameworks */ = {
			isa = PBXFrameworksBuildPhase;
			buildActionMask = 2147483647;
			files = (
				3F9236EB0BD3B9815CA20EAC /* Pods_DooDXinSwift.framework in Frameworks */,
			);
			runOnlyForDeploymentPostprocessing = 0;
		};
/* End PBXFrameworksBuildPhase section */

/* Begin PBXGroup section */
		0CE7079A206CBD8E002C4E08 = {
			isa = PBXGroup;
			children = (
				0CE707A5206CBD8E002C4E08 /* DooDXinSwift */,
				0CE707A4206CBD8E002C4E08 /* Products */,
				C5CD0AE2298A1E13BA85EABC /* Pods */,
				6983E10E089E417F9814CBF7 /* Frameworks */,
			);
			sourceTree = "<group>";
		};
		0CE707A4206CBD8E002C4E08 /* Products */ = {
			isa = PBXGroup;
			children = (
				0CE707A3206CBD8E002C4E08 /* DooDXinSwift.app */,
			);
			name = Products;
			sourceTree = "<group>";
		};
		0CE707A5206CBD8E002C4E08 /* DooDXinSwift */ = {
			isa = PBXGroup;
			children = (
				0CE707A6206CBD8E002C4E08 /* AppDelegate.swift */,
				0CE707F8206D509C002C4E08 /* Root */,
				0CE707E2206D4E93002C4E08 /* Conversation */,
				0CE707E5206D4EB1002C4E08 /* Contacts */,
				0CE707E8206D4EC5002C4E08 /* Discover */,
				0CE707EA206D4EC5002C4E08 /* My */,
				0CE707F9206D50C2002C4E08 /* Resource */,
			);
			path = DooDXinSwift;
			sourceTree = "<group>";
		};
		0CE707E2206D4E93002C4E08 /* Conversation */ = {
			isa = PBXGroup;
			children = (
				0CE707E3206D4E93002C4E08 /* DXConversationController.swift */,
			);
			path = Conversation;
			sourceTree = "<group>";
		};
		0CE707E5206D4EB1002C4E08 /* Contacts */ = {
			isa = PBXGroup;
			children = (
				0CE707E6206D4EB1002C4E08 /* DXContactController.swift */,
			);
			path = Contacts;
			sourceTree = "<group>";
		};
		0CE707E8206D4EC5002C4E08 /* Discover */ = {
			isa = PBXGroup;
			children = (
				0CE707E9206D4EC5002C4E08 /* DXDiscoverController.swift */,
			);
			path = Discover;
			sourceTree = "<group>";
		};
		0CE707EA206D4EC5002C4E08 /* My */ = {
			isa = PBXGroup;
			children = (
				0CE707EB206D4EC5002C4E08 /* DXMyController.swift */,
			);
			path = My;
			sourceTree = "<group>";
		};
		0CE707F8206D509C002C4E08 /* Root */ = {
			isa = PBXGroup;
			children = (
				0CE707F6206D4F9F002C4E08 /* DXRootTabBarController.swift */,
				0CE707FA206D515F002C4E08 /* DXLoginController.swift */,
			);
			path = Root;
			sourceTree = "<group>";
		};
		0CE707F9206D50C2002C4E08 /* Resource */ = {
			isa = PBXGroup;
			children = (
				0CE707B8206CD628002C4E08 /* Const.swift */,
				0CE707AD206CBD8E002C4E08 /* Assets.xcassets */,
				0CE707F2206D4F04002C4E08 /* Localizable.strings */,
				0CE707AF206CBD8E002C4E08 /* LaunchScreen.storyboard */,
				0CE707B2206CBD8F002C4E08 /* Info.plist */,
			);
			path = Resource;
			sourceTree = "<group>";
		};
		6983E10E089E417F9814CBF7 /* Frameworks */ = {
			isa = PBXGroup;
			children = (
				7F7D117550EC88E8EA9EACBA /* Pods_DooDXinSwift.framework */,
			);
			name = Frameworks;
			sourceTree = "<group>";
		};
		C5CD0AE2298A1E13BA85EABC /* Pods */ = {
			isa = PBXGroup;
			children = (
				8B06FF24E843BDE66221E94E /* Pods-DooDXinSwift.debug.xcconfig */,
				772EFAB3E6454F84E34E9BF5 /* Pods-DooDXinSwift.release.xcconfig */,
			);
			name = Pods;
			sourceTree = "<group>";
		};
/* End PBXGroup section */

/* Begin PBXNativeTarget section */
		0CE707A2206CBD8E002C4E08 /* DooDXinSwift */ = {
			isa = PBXNativeTarget;
			buildConfigurationList = 0CE707B5206CBD8F002C4E08 /* Build configuration list for PBXNativeTarget "DooDXinSwift" */;
			buildPhases = (
				8B58B0EB2ABECAD45B61CA3A /* [CP] Check Pods Manifest.lock */,
				0CE7079F206CBD8E002C4E08 /* Sources */,
				0CE707A0206CBD8E002C4E08 /* Frameworks */,
				0CE707A1206CBD8E002C4E08 /* Resources */,
				CFBABF897E7C56FCF39A0A72 /* [CP] Embed Pods Frameworks */,
				712CFAC5989C1D7658F76BDC /* [CP] Copy Pods Resources */,
			);
			buildRules = (
			);
			dependencies = (
			);
			name = DooDXinSwift;
			productName = DooDXinSwift;
			productReference = 0CE707A3206CBD8E002C4E08 /* DooDXinSwift.app */;
			productType = "com.apple.product-type.application";
		};
/* End PBXNativeTarget section */

/* Begin PBXProject section */
		0CE7079B206CBD8E002C4E08 /* Project object */ = {
			isa = PBXProject;
			attributes = {
				LastSwiftUpdateCheck = 0920;
				LastUpgradeCheck = 0920;
				ORGANIZATIONNAME = ssx;
				TargetAttributes = {
					0CE707A2206CBD8E002C4E08 = {
						CreatedOnToolsVersion = 9.2;
						ProvisioningStyle = Automatic;
					};
				};
			};
			buildConfigurationList = 0CE7079E206CBD8E002C4E08 /* Build configuration list for PBXProject "DooDXinSwift" */;
			compatibilityVersion = "Xcode 8.0";
			developmentRegion = en;
			hasScannedForEncodings = 0;
			knownRegions = (
				en,
				Base,
				"zh-Hans",
			);
			mainGroup = 0CE7079A206CBD8E002C4E08;
			productRefGroup = 0CE707A4206CBD8E002C4E08 /* Products */;
			projectDirPath = "";
			projectRoot = "";
			targets = (
				0CE707A2206CBD8E002C4E08 /* DooDXinSwift */,
			);
		};
/* End PBXProject section */

/* Begin PBXResourcesBuildPhase section */
		0CE707A1206CBD8E002C4E08 /* Resources */ = {
			isa = PBXResourcesBuildPhase;
			buildActionMask = 2147483647;
			files = (
				0CE707B1206CBD8E002C4E08 /* LaunchScreen.storyboard in Resources */,
				0CE707F0206D4F04002C4E08 /* Localizable.strings in Resources */,
				0CE707AE206CBD8E002C4E08 /* Assets.xcassets in Resources */,
			);
			runOnlyForDeploymentPostprocessing = 0;
		};
/* End PBXResourcesBuildPhase section */

/* Begin PBXShellScriptBuildPhase section */
		712CFAC5989C1D7658F76BDC /* [CP] Copy Pods Resources */ = {
			isa = PBXShellScriptBuildPhase;
			buildActionMask = 2147483647;
			files = (
			);
			inputPaths = (
			);
			name = "[CP] Copy Pods Resources";
			outputPaths = (
			);
			runOnlyForDeploymentPostprocessing = 0;
			shellPath = /bin/sh;
			shellScript = "\"${SRCROOT}/Pods/Target Support Files/Pods-DooDXinSwift/Pods-DooDXinSwift-resources.sh\"\n";
			showEnvVarsInLog = 0;
		};
		8B58B0EB2ABECAD45B61CA3A /* [CP] Check Pods Manifest.lock */ = {
			isa = PBXShellScriptBuildPhase;
			buildActionMask = 2147483647;
			files = (
			);
			inputPaths = (
			);
			name = "[CP] Check Pods Manifest.lock";
			outputPaths = (
			);
			runOnlyForDeploymentPostprocessing = 0;
			shellPath = /bin/sh;
			shellScript = "diff \"${PODS_ROOT}/../Podfile.lock\" \"${PODS_ROOT}/Manifest.lock\" > /dev/null\nif [ $? != 0 ] ; then\n    # print error to STDERR\n    echo \"error: The sandbox is not in sync with the Podfile.lock. Run 'pod install' or update your CocoaPods installation.\" >&2\n    exit 1\nfi\n";
			showEnvVarsInLog = 0;
		};
		CFBABF897E7C56FCF39A0A72 /* [CP] Embed Pods Frameworks */ = {
			isa = PBXShellScriptBuildPhase;
			buildActionMask = 2147483647;
			files = (
			);
			inputPaths = (
			);
			name = "[CP] Embed Pods Frameworks";
			outputPaths = (
			);
			runOnlyForDeploymentPostprocessing = 0;
			shellPath = /bin/sh;
			shellScript = "\"${SRCROOT}/Pods/Target Support Files/Pods-DooDXinSwift/Pods-DooDXinSwift-frameworks.sh\"\n";
			showEnvVarsInLog = 0;
		};
/* End PBXShellScriptBuildPhase section */

/* Begin PBXSourcesBuildPhase section */
		0CE7079F206CBD8E002C4E08 /* Sources */ = {
			isa = PBXSourcesBuildPhase;
			buildActionMask = 2147483647;
			files = (
				0CE707E7206D4EB1002C4E08 /* DXContactController.swift in Sources */,
				0CE707A7206CBD8E002C4E08 /* AppDelegate.swift in Sources */,
				0CE707EC206D4EC5002C4E08 /* DXDiscoverController.swift in Sources */,
				0CE707FB206D515F002C4E08 /* DXLoginController.swift in Sources */,
				0CE707ED206D4EC5002C4E08 /* DXMyController.swift in Sources */,
				0CE707E4206D4E93002C4E08 /* DXConversationController.swift in Sources */,
				0CE707F7206D4F9F002C4E08 /* DXRootTabBarController.swift in Sources */,
				0CE707B9206CD628002C4E08 /* Const.swift in Sources */,
			);
			runOnlyForDeploymentPostprocessing = 0;
		};
/* End PBXSourcesBuildPhase section */

/* Begin PBXVariantGroup section */
		0CE707AF206CBD8E002C4E08 /* LaunchScreen.storyboard */ = {
			isa = PBXVariantGroup;
			children = (
				0CE707B0206CBD8E002C4E08 /* Base */,
			);
			name = LaunchScreen.storyboard;
			sourceTree = "<group>";
		};
		0CE707F2206D4F04002C4E08 /* Localizable.strings */ = {
			isa = PBXVariantGroup;
			children = (
				0CE707F1206D4F04002C4E08 /* en */,
				0CE707F4206D4F3C002C4E08 /* Base */,
			);
			name = Localizable.strings;
			sourceTree = "<group>";
		};
/* End PBXVariantGroup section */

/* Begin XCBuildConfiguration section */
		0CE707B3206CBD8F002C4E08 /* Debug */ = {
			isa = XCBuildConfiguration;
			buildSettings = {
				ALWAYS_SEARCH_USER_PATHS = NO;
				CLANG_ANALYZER_LOCALIZABILITY_NONLOCALIZED = YES;
				CLANG_ANALYZER_NONNULL = YES;
				CLANG_ANALYZER_NUMBER_OBJECT_CONVERSION = YES_AGGRESSIVE;
				CLANG_CXX_LANGUAGE_STANDARD = "gnu++14";
				CLANG_CXX_LIBRARY = "libc++";
				CLANG_ENABLE_MODULES = YES;
				CLANG_ENABLE_OBJC_ARC = YES;
				CLANG_WARN_BLOCK_CAPTURE_AUTORELEASING = YES;
				CLANG_WARN_BOOL_CONVERSION = YES;
				CLANG_WARN_COMMA = YES;
				CLANG_WARN_CONSTANT_CONVERSION = YES;
				CLANG_WARN_DIRECT_OBJC_ISA_USAGE = YES_ERROR;
				CLANG_WARN_DOCUMENTATION_COMMENTS = YES;
				CLANG_WARN_EMPTY_BODY = YES;
				CLANG_WARN_ENUM_CONVERSION = YES;
				CLANG_WARN_INFINITE_RECURSION = YES;
				CLANG_WARN_INT_CONVERSION = YES;
				CLANG_WARN_NON_LITERAL_NULL_CONVERSION = YES;
				CLANG_WARN_OBJC_LITERAL_CONVERSION = YES;
				CLANG_WARN_OBJC_ROOT_CLASS = YES_ERROR;
				CLANG_WARN_RANGE_LOOP_ANALYSIS = YES;
				CLANG_WARN_STRICT_PROTOTYPES = YES;
				CLANG_WARN_SUSPICIOUS_MOVE = YES;
				CLANG_WARN_UNGUARDED_AVAILABILITY = YES_AGGRESSIVE;
				CLANG_WARN_UNREACHABLE_CODE = YES;
				CLANG_WARN__DUPLICATE_METHOD_MATCH = YES;
				CODE_SIGN_IDENTITY = "iPhone Developer";
				COPY_PHASE_STRIP = NO;
				DEBUG_INFORMATION_FORMAT = dwarf;
				ENABLE_STRICT_OBJC_MSGSEND = YES;
				ENABLE_TESTABILITY = YES;
				GCC_C_LANGUAGE_STANDARD = gnu11;
				GCC_DYNAMIC_NO_PIC = NO;
				GCC_NO_COMMON_BLOCKS = YES;
				GCC_OPTIMIZATION_LEVEL = 0;
				GCC_PREPROCESSOR_DEFINITIONS = (
					"DEBUG=1",
					"$(inherited)",
				);
				GCC_WARN_64_TO_32_BIT_CONVERSION = YES;
				GCC_WARN_ABOUT_RETURN_TYPE = YES_ERROR;
				GCC_WARN_UNDECLARED_SELECTOR = YES;
				GCC_WARN_UNINITIALIZED_AUTOS = YES_AGGRESSIVE;
				GCC_WARN_UNUSED_FUNCTION = YES;
				GCC_WARN_UNUSED_VARIABLE = YES;
				IPHONEOS_DEPLOYMENT_TARGET = 11.2;
				MTL_ENABLE_DEBUG_INFO = YES;
				ONLY_ACTIVE_ARCH = YES;
				SDKROOT = iphoneos;
				SWIFT_ACTIVE_COMPILATION_CONDITIONS = DEBUG;
				SWIFT_OPTIMIZATION_LEVEL = "-Onone";
			};
			name = Debug;
		};
		0CE707B4206CBD8F002C4E08 /* Release */ = {
			isa = XCBuildConfiguration;
			buildSettings = {
				ALWAYS_SEARCH_USER_PATHS = NO;
				CLANG_ANALYZER_LOCALIZABILITY_NONLOCALIZED = YES;
				CLANG_ANALYZER_NONNULL = YES;
				CLANG_ANALYZER_NUMBER_OBJECT_CONVERSION = YES_AGGRESSIVE;
				CLANG_CXX_LANGUAGE_STANDARD = "gnu++14";
				CLANG_CXX_LIBRARY = "libc++";
				CLANG_ENABLE_MODULES = YES;
				CLANG_ENABLE_OBJC_ARC = YES;
				CLANG_WARN_BLOCK_CAPTURE_AUTORELEASING = YES;
				CLANG_WARN_BOOL_CONVERSION = YES;
				CLANG_WARN_COMMA = YES;
				CLANG_WARN_CONSTANT_CONVERSION = YES;
				CLANG_WARN_DIRECT_OBJC_ISA_USAGE = YES_ERROR;
				CLANG_WARN_DOCUMENTATION_COMMENTS = YES;
				CLANG_WARN_EMPTY_BODY = YES;
				CLANG_WARN_ENUM_CONVERSION = YES;
				CLANG_WARN_INFINITE_RECURSION = YES;
				CLANG_WARN_INT_CONVERSION = YES;
				CLANG_WARN_NON_LITERAL_NULL_CONVERSION = YES;
				CLANG_WARN_OBJC_LITERAL_CONVERSION = YES;
				CLANG_WARN_OBJC_ROOT_CLASS = YES_ERROR;
				CLANG_WARN_RANGE_LOOP_ANALYSIS = YES;
				CLANG_WARN_STRICT_PROTOTYPES = YES;
				CLANG_WARN_SUSPICIOUS_MOVE = YES;
				CLANG_WARN_UNGUARDED_AVAILABILITY = YES_AGGRESSIVE;
				CLANG_WARN_UNREACHABLE_CODE = YES;
				CLANG_WARN__DUPLICATE_METHOD_MATCH = YES;
				CODE_SIGN_IDENTITY = "iPhone Developer";
				COPY_PHASE_STRIP = NO;
				DEBUG_INFORMATION_FORMAT = "dwarf-with-dsym";
				ENABLE_NS_ASSERTIONS = NO;
				ENABLE_STRICT_OBJC_MSGSEND = YES;
				GCC_C_LANGUAGE_STANDARD = gnu11;
				GCC_NO_COMMON_BLOCKS = YES;
				GCC_WARN_64_TO_32_BIT_CONVERSION = YES;
				GCC_WARN_ABOUT_RETURN_TYPE = YES_ERROR;
				GCC_WARN_UNDECLARED_SELECTOR = YES;
				GCC_WARN_UNINITIALIZED_AUTOS = YES_AGGRESSIVE;
				GCC_WARN_UNUSED_FUNCTION = YES;
				GCC_WARN_UNUSED_VARIABLE = YES;
				IPHONEOS_DEPLOYMENT_TARGET = 11.2;
				MTL_ENABLE_DEBUG_INFO = NO;
				SDKROOT = iphoneos;
				SWIFT_OPTIMIZATION_LEVEL = "-Owholemodule";
				VALIDATE_PRODUCT = YES;
			};
			name = Release;
		};
		0CE707B6206CBD8F002C4E08 /* Debug */ = {
			isa = XCBuildConfiguration;
			baseConfigurationReference = 8B06FF24E843BDE66221E94E /* Pods-DooDXinSwift.debug.xcconfig */;
			buildSettings = {
				ASSETCATALOG_COMPILER_APPICON_NAME = AppIcon;
				CODE_SIGN_STYLE = Automatic;
				DEVELOPMENT_TEAM = YM9752MKG4;
				INFOPLIST_FILE = DooDXinSwift/Resource/Info.plist;
				IPHONEOS_DEPLOYMENT_TARGET = 9.0;
				LD_RUNPATH_SEARCH_PATHS = "$(inherited) @executable_path/Frameworks";
				PRODUCT_BUNDLE_IDENTIFIER = com.vrv.DooDXinSwift;
				PRODUCT_NAME = "$(TARGET_NAME)";
				SWIFT_VERSION = 4.0;
				TARGETED_DEVICE_FAMILY = "1,2";
			};
			name = Debug;
		};
		0CE707B7206CBD8F002C4E08 /* Release */ = {
			isa = XCBuildConfiguration;
			baseConfigurationReference = 772EFAB3E6454F84E34E9BF5 /* Pods-DooDXinSwift.release.xcconfig */;
			buildSettings = {
				ASSETCATALOG_COMPILER_APPICON_NAME = AppIcon;
				CODE_SIGN_STYLE = Automatic;
				DEVELOPMENT_TEAM = YM9752MKG4;
				INFOPLIST_FILE = DooDXinSwift/Resource/Info.plist;
				IPHONEOS_DEPLOYMENT_TARGET = 9.0;
				LD_RUNPATH_SEARCH_PATHS = "$(inherited) @executable_path/Frameworks";
				PRODUCT_BUNDLE_IDENTIFIER = com.vrv.DooDXinSwift;
				PRODUCT_NAME = "$(TARGET_NAME)";
				SWIFT_VERSION = 4.0;
				TARGETED_DEVICE_FAMILY = "1,2";
			};
			name = Release;
		};
/* End XCBuildConfiguration section */

/* Begin XCConfigurationList section */
		0CE7079E206CBD8E002C4E08 /* Build configuration list for PBXProject "DooDXinSwift" */ = {
			isa = XCConfigurationList;
			buildConfigurations = (
				0CE707B3206CBD8F002C4E08 /* Debug */,
				0CE707B4206CBD8F002C4E08 /* Release */,
			);
			defaultConfigurationIsVisible = 0;
			defaultConfigurationName = Release;
		};
		0CE707B5206CBD8F002C4E08 /* Build configuration list for PBXNativeTarget "DooDXinSwift" */ = {
			isa = XCConfigurationList;
			buildConfigurations = (
				0CE707B6206CBD8F002C4E08 /* Debug */,
				0CE707B7206CBD8F002C4E08 /* Release */,
			);
			defaultConfigurationIsVisible = 0;
			defaultConfigurationName = Release;
		};
/* End XCConfigurationList section */
	};
	rootObject = 0CE7079B206CBD8E002C4E08 /* Project object */;
}
